# THIS IS AN AUTOGENERATED FILE. DO NOT EDIT THIS FILE DIRECTLY.
# yarn lockfile v1


eslint-plugin-react-hooks@^2.4.0:
  version "2.4.0"
  resolved "https://registry.yarnpkg.com/eslint-plugin-react-hooks/-/eslint-plugin-react-hooks-2.4.0.tgz#db6ee1cc953e3a217035da3d4e9d4356d3c672a4"
  integrity sha512-bH5DOCP6WpuOqNaux2BlaDCrSgv8s5BitP90bTgtZ1ZsRn2bdIfeMDY5F2RnJVnyKDy6KRQRDbipPLZ1y77QtQ==
